<?xml version="1.0" encoding="utf-8"?>
<Project ToolsVersion="4.0" xmlns="http://schemas.microsoft.com/developer/msbuild/2003">
  <ItemGroup>
    <Filter Include="Source Files">
      <UniqueIdentifier>{4FC737F1-C7A5-4376-A066-2A32D752A2FF}</UniqueIdentifier>
      <Extensions>cpp;c;cc;cxx;def;odl;idl;hpj;bat;asm;asmx</Extensions>
    </Filter>
    <Filter Include="Header Files">
      <UniqueIdentifier>{93995380-89BD-4b04-88EB-625FBE52EBFB}</UniqueIdentifier>
      <Extensions>h;hh;hpp;hxx;hm;inl;inc;xsd</Extensions>
    </Filter>
    <Filter Include="Resource Files">
      <UniqueIdentifier>{67DA6AB6-F800-4c08-8B7A-83BB121AAD01}</UniqueIdentifier>
      <Extensions>rc;ico;cur;bmp;dlg;rc2;rct;bin;rgs;gif;jpg;jpeg;jpe;resx;tiff;tif;png;wav;mfcribbon-ms</Extensions>
    </Filter>
    <Filter Include="Source Files\Math">
      <UniqueIdentifier>{e93667f7-8a7c-4268-964b-72c83df89cf2}</UniqueIdentifier>
    </Filter>
    <Filter Include="Source Files\Render support">
      <UniqueIdentifier>{e7082fbe-2007-4060-96a1-c8905304eec0}</UniqueIdentifier>
    </Filter>
    <Filter Include="Source Files\Window handle">
      <UniqueIdentifier>{86350ff1-4cf4-4184-ba87-d15d2266ab79}</UniqueIdentifier>
    </Filter>
    <Filter Include="Source Files\Physics system">
      <UniqueIdentifier>{e4b3afa1-72c4-46cb-9c40-78b6f4473eb5}</UniqueIdentifier>
    </Filter>
    <Filter Include="Source Files\Physics system\Physic object">
      <UniqueIdentifier>{2c38f749-82ca-4c6e-a7c7-63ec4d2757a8}</UniqueIdentifier>
    </Filter>
    <Filter Include="Source Files\Physics system\Collision system">
      <UniqueIdentifier>{61ee9492-e4ad-4c1c-bb53-884b11447570}</UniqueIdentifier>
    </Filter>
    <Filter Include="Source Files\Render support\Resources">
      <UniqueIdentifier>{51fe7417-c186-4fd8-bd28-de193a1f3bd4}</UniqueIdentifier>
    </Filter>
    <Filter Include="Source Files\Render support\Resources\Geometry">
      <UniqueIdentifier>{804f56ac-9ba0-4bb2-832a-b35964fac517}</UniqueIdentifier>
    </Filter>
    <Filter Include="Source Files\Render support\Resources\Const buffer">
      <UniqueIdentifier>{d33b5269-2078-4a0d-b3ae-b8a2de591d15}</UniqueIdentifier>
    </Filter>
    <Filter Include="Source Files\Render support\Resources\Primitive">
      <UniqueIdentifier>{b226cfdb-b3fb-4eb2-be6f-9906e705c113}</UniqueIdentifier>
    </Filter>
    <Filter Include="Source Files\Render support\Resources\Shader">
      <UniqueIdentifier>{4b6dc08d-b76d-4ba0-a881-9a7c1ba3cd4f}</UniqueIdentifier>
    </Filter>
    <Filter Include="Source Files\Render support\Resources\Material">
      <UniqueIdentifier>{4db79d57-cdfe-4ac8-88a6-573ae64b13d9}</UniqueIdentifier>
    </Filter>
    <Filter Include="Source Files\Render support\Resources\Texture">
      <UniqueIdentifier>{791d0856-bf1c-46a4-ba15-b403b7cf0329}</UniqueIdentifier>
    </Filter>
    <Filter Include="Source Files\Physics system\Forces">
      <UniqueIdentifier>{e199b1f9-9216-442a-933c-8b60ad4f8106}</UniqueIdentifier>
    </Filter>
    <Filter Include="Source Files\Physics system\Forces\Gravity">
      <UniqueIdentifier>{dc8f264b-39cf-4e56-b22a-32e224fd5b1a}</UniqueIdentifier>
    </Filter>
    <Filter Include="Source Files\Render support\Camera">
      <UniqueIdentifier>{c94e7cfd-4910-4191-ac48-06af9d2427d7}</UniqueIdentifier>
    </Filter>
    <Filter Include="Source Files\Physics system\Collision system\Collision detection">
      <UniqueIdentifier>{49f6745d-b021-4502-ad43-0f6ecaa51cbc}</UniqueIdentifier>
    </Filter>
    <Filter Include="Source Files\Physics system\Collision system\Contact generation">
      <UniqueIdentifier>{44031786-bf2d-4950-bd33-73e465f24e16}</UniqueIdentifier>
    </Filter>
    <Filter Include="Source Files\Physics system\Collision system\Collision resolution">
      <UniqueIdentifier>{f7a2b4a3-b5a2-4635-9e63-ce045a8d0083}</UniqueIdentifier>
    </Filter>
    <Filter Include="Source Files\Physics system\Collision system\Bounding volumes">
      <UniqueIdentifier>{410dff92-5c20-4b0c-a13c-6407aff73b53}</UniqueIdentifier>
    </Filter>
    <Filter Include="Source Files\Shaders">
      <UniqueIdentifier>{f6ca02a1-9b19-48f8-87e3-ea4c5807aa60}</UniqueIdentifier>
    </Filter>
    <Filter Include="Source Files\Render support\Resources\Texture\Image">
      <UniqueIdentifier>{ecb29d94-ac5e-4e86-9756-76f7aa979d52}</UniqueIdentifier>
    </Filter>
    <Filter Include="Source Files\Geometry">
      <UniqueIdentifier>{f32a2cda-b140-45c5-9e55-f95109508c11}</UniqueIdentifier>
    </Filter>
    <Filter Include="Source Files\Render support\Light system">
      <UniqueIdentifier>{9eabee06-2044-45e1-8bda-deedcddb9fcf}</UniqueIdentifier>
    </Filter>
    <Filter Include="Source Files\Render support\Timer">
      <UniqueIdentifier>{972caea8-6af7-423e-a22d-36aed0788bb4}</UniqueIdentifier>
    </Filter>
    <Filter Include="Source Files\Render support\Resources\Text">
      <UniqueIdentifier>{91fd3073-d5e7-4b39-b7d1-77df1203d725}</UniqueIdentifier>
    </Filter>
    <Filter Include="Source Files\Shaders\Text">
      <UniqueIdentifier>{9ed18ee0-440a-4198-8aa2-34dec7fbf615}</UniqueIdentifier>
    </Filter>
    <Filter Include="Source Files\Input">
      <UniqueIdentifier>{cce063d3-a628-4c88-9169-7bc2c827b585}</UniqueIdentifier>
    </Filter>
    <Filter Include="Source Files\Scene">
      <UniqueIdentifier>{36d3331e-c348-4db6-bbdb-8e7c44be3b7a}</UniqueIdentifier>
    </Filter>
    <Filter Include="Source Files\Scene\Player">
      <UniqueIdentifier>{4cda0a01-b349-41ec-a286-a864297f6960}</UniqueIdentifier>
    </Filter>
    <Filter Include="Source Files\Scene\Ball">
      <UniqueIdentifier>{38a65e44-d3f2-4d7d-ad33-d5b58c10b576}</UniqueIdentifier>
    </Filter>
  </ItemGroup>
  <ItemGroup>
    <ClCompile Include="main.cpp">
      <Filter>Source Files</Filter>
    </ClCompile>
    <ClCompile Include="render\render.cpp">
      <Filter>Source Files\Render support</Filter>
    </ClCompile>
    <ClCompile Include="physics\phys_system.cpp">
      <Filter>Source Files\Physics system</Filter>
    </ClCompile>
    <ClCompile Include="physics\phys_object\phys_object.cpp">
      <Filter>Source Files\Physics system\Physic object</Filter>
    </ClCompile>
    <ClCompile Include="render\render_geom.cpp">
      <Filter>Source Files\Render support\Resources\Geometry</Filter>
    </ClCompile>
    <ClCompile Include="render\render_const_buffer.cpp">
      <Filter>Source Files\Render support\Resources\Const buffer</Filter>
    </ClCompile>
    <ClCompile Include="render\render_shader.cpp">
      <Filter>Source Files\Render support\Resources\Shader</Filter>
    </ClCompile>
    <ClCompile Include="render\render_prim.cpp">
      <Filter>Source Files\Render support\Resources\Primitive</Filter>
    </ClCompile>
    <ClCompile Include="physics\forces\gravity\gravity.cpp">
      <Filter>Source Files\Physics system\Forces\Gravity</Filter>
    </ClCompile>
    <ClCompile Include="render\camera\camera.cpp">
      <Filter>Source Files\Render support\Camera</Filter>
    </ClCompile>
    <ClCompile Include="physics\collision\bounding volumes\bounding_box.cpp">
      <Filter>Source Files\Physics system\Collision system\Bounding volumes</Filter>
    </ClCompile>
    <ClCompile Include="physics\collision\bounding volumes\bounding_plane.cpp">
      <Filter>Source Files\Physics system\Collision system\Bounding volumes</Filter>
    </ClCompile>
    <ClCompile Include="physics\collision\bounding volumes\bounding_sphere.cpp">
      <Filter>Source Files\Physics system\Collision system\Bounding volumes</Filter>
    </ClCompile>
    <ClCompile Include="physics\collision\detection\collision_detector.cpp">
      <Filter>Source Files\Physics system\Collision system\Collision detection</Filter>
    </ClCompile>
    <ClCompile Include="physics\collision\generation\contact_generator.cpp">
      <Filter>Source Files\Physics system\Collision system\Contact generation</Filter>
    </ClCompile>
    <ClCompile Include="physics\collision\resolution\collision_resolver.cpp">
      <Filter>Source Files\Physics system\Collision system\Collision resolution</Filter>
    </ClCompile>
    <ClCompile Include="render\render_material.cpp">
      <Filter>Source Files\Render support\Resources\Material</Filter>
    </ClCompile>
    <ClCompile Include="render\render_texture.cpp">
      <Filter>Source Files\Render support\Resources\Texture</Filter>
    </ClCompile>
    <ClCompile Include="render\image\image.cpp">
      <Filter>Source Files\Render support\Resources\Texture\Image</Filter>
    </ClCompile>
    <ClCompile Include="geometry\geometry.cpp">
      <Filter>Source Files\Geometry</Filter>
    </ClCompile>
    <ClCompile Include="render\light_system\light_system.cpp">
      <Filter>Source Files\Render support\Light system</Filter>
    </ClCompile>
    <ClCompile Include="win\win.cpp">
      <Filter>Source Files\Window handle</Filter>
    </ClCompile>
    <ClCompile Include="render\timer\timer.cpp">
      <Filter>Source Files\Render support\Timer</Filter>
    </ClCompile>
    <ClCompile Include="physics\collision\bounding volumes\contact.cpp">
      <Filter>Source Files\Physics system\Collision system\Bounding volumes</Filter>
    </ClCompile>
    <ClCompile Include="render\text\text.cpp">
      <Filter>Source Files\Render support\Resources\Text</Filter>
    </ClCompile>
    <ClCompile Include="input\input.cpp">
      <Filter>Source Files\Input</Filter>
    </ClCompile>
    <ClCompile Include="scene\scene.cpp">
      <Filter>Source Files\Scene</Filter>
    </ClCompile>
    <ClCompile Include="scene\player\player.cpp">
      <Filter>Source Files\Scene\Player</Filter>
    </ClCompile>
    <ClCompile Include="scene\ball\ball.cpp">
      <Filter>Source Files\Scene\Ball</Filter>
    </ClCompile>
  </ItemGroup>
  <ItemGroup>
    <ClInclude Include="math\math_def.h">
      <Filter>Source Files\Math</Filter>
    </ClInclude>
    <ClInclude Include="render\render.h">
      <Filter>Source Files\Render support</Filter>
    </ClInclude>
    <ClInclude Include="def.h">
      <Filter>Source Files</Filter>
    </ClInclude>
    <ClInclude Include="math\vector.h">
      <Filter>Source Files\Math</Filter>
    </ClInclude>
    <ClInclude Include="math\matrix.h">
      <Filter>Source Files\Math</Filter>
    </ClInclude>
    <ClInclude Include="win\win.h">
      <Filter>Source Files\Window handle</Filter>
    </ClInclude>
    <ClInclude Include="physics\phys_system.h">
      <Filter>Source Files\Physics system</Filter>
    </ClInclude>
    <ClInclude Include="physics\phys_object\phys_object.h">
      <Filter>Source Files\Physics system\Physic object</Filter>
    </ClInclude>
    <ClInclude Include="math\quat.h">
      <Filter>Source Files\Math</Filter>
    </ClInclude>
    <ClInclude Include="render\resource.h">
      <Filter>Source Files\Render support\Resources</Filter>
    </ClInclude>
    <ClInclude Include="render\geom.h">
      <Filter>Source Files\Render support\Resources\Geometry</Filter>
    </ClInclude>
    <ClInclude Include="render\const_buffer.h">
      <Filter>Source Files\Render support\Resources\Const buffer</Filter>
    </ClInclude>
    <ClInclude Include="render\material.h">
      <Filter>Source Files\Render support\Resources\Material</Filter>
    </ClInclude>
    <ClInclude Include="render\texture.h">
      <Filter>Source Files\Render support\Resources\Texture</Filter>
    </ClInclude>
    <ClInclude Include="render\shader.h">
      <Filter>Source Files\Render support\Resources\Shader</Filter>
    </ClInclude>
    <ClInclude Include="render\prim.h">
      <Filter>Source Files\Render support\Resources\Primitive</Filter>
    </ClInclude>
    <ClInclude Include="render\res_ptr.h">
      <Filter>Source Files\Render support\Resources</Filter>
    </ClInclude>
    <ClInclude Include="physics\forces\force.h">
      <Filter>Source Files\Physics system\Forces</Filter>
    </ClInclude>
    <ClInclude Include="physics\forces\gravity\gravity.h">
      <Filter>Source Files\Physics system\Forces\Gravity</Filter>
    </ClInclude>
    <ClInclude Include="render\camera\camera.h">
      <Filter>Source Files\Render support\Camera</Filter>
    </ClInclude>
    <ClInclude Include="physics\collision\detection\collision_detector.h">
      <Filter>Source Files\Physics system\Collision system\Collision detection</Filter>
    </ClInclude>
    <ClInclude Include="physics\collision\bounding volumes\bounding_box.h">
      <Filter>Source Files\Physics system\Collision system\Bounding volumes</Filter>
    </ClInclude>
    <ClInclude Include="physics\collision\bounding volumes\bounding_plane.h">
      <Filter>Source Files\Physics system\Collision system\Bounding volumes</Filter>
    </ClInclude>
    <ClInclude Include="physics\collision\bounding volumes\bounding_sphere.h">
      <Filter>Source Files\Physics system\Collision system\Bounding volumes</Filter>
    </ClInclude>
    <ClInclude Include="physics\collision\bounding volumes\bounding_volume.h">
      <Filter>Source Files\Physics system\Collision system\Bounding volumes</Filter>
    </ClInclude>
    <ClInclude Include="physics\collision\bounding volumes\bounding_volume_def.h">
      <Filter>Source Files\Physics system\Collision system\Bounding volumes</Filter>
    </ClInclude>
    <ClInclude Include="physics\collision\generation\collision_generator.h">
      <Filter>Source Files\Physics system\Collision system\Contact generation</Filter>
    </ClInclude>
    <ClInclude Include="physics\collision\resolution\collision_resolver.h">
      <Filter>Source Files\Physics system\Collision system\Collision resolution</Filter>
    </ClInclude>
    <ClInclude Include="render\res_map.h">
      <Filter>Source Files\Render support\Resources</Filter>
    </ClInclude>
    <ClInclude Include="render\image\image.h">
      <Filter>Source Files\Render support\Resources\Texture\Image</Filter>
    </ClInclude>
    <ClInclude Include="geometry\geometry.h">
      <Filter>Source Files\Geometry</Filter>
    </ClInclude>
    <ClInclude Include="render\light_system\light_system.h">
      <Filter>Source Files\Render support\Light system</Filter>
    </ClInclude>
    <ClInclude Include="render\timer\timer.h">
      <Filter>Source Files\Render support\Timer</Filter>
    </ClInclude>
    <ClInclude Include="render\text\text.h">
      <Filter>Source Files\Render support\Resources\Text</Filter>
    </ClInclude>
    <ClInclude Include="input\input.h">
      <Filter>Source Files\Input</Filter>
    </ClInclude>
    <ClInclude Include="scene\scene.h">
      <Filter>Source Files\Scene</Filter>
    </ClInclude>
    <ClInclude Include="scene\player\player.h">
      <Filter>Source Files\Scene\Player</Filter>
    </ClInclude>
    <ClInclude Include="scene\ball\ball.h">
      <Filter>Source Files\Scene\Ball</Filter>
    </ClInclude>
  </ItemGroup>
  <ItemGroup>
    <FxCompile Include="shaders\ps_default.hlsl">
      <Filter>Source Files\Shaders</Filter>
    </FxCompile>
    <FxCompile Include="shaders\vs_default.hlsl">
      <Filter>Source Files\Shaders</Filter>
    </FxCompile>
    <FxCompile Include="shaders\ps_text.hlsl">
      <Filter>Source Files\Shaders\Text</Filter>
    </FxCompile>
    <FxCompile Include="shaders\vs_text.hlsl">
      <Filter>Source Files\Shaders\Text</Filter>
    </FxCompile>
  </ItemGroup>
</Project>